
Microsoft Visual Studio Solution File, Format Version 12.00
# Visual Studio Version 16
VisualStudioVersion = 25.0.1706.9
MinimumVisualStudioVersion = 10.0.40219.1
Project("{FAE04EC0-301F-11D3-BF4B-00C04F79EFBC}") = "DevelopCApp_Homework_09", "DevelopCApp_Homework_09\DevelopCApp_Homework_09.csproj", "{A5F24E14-C85C-44E2-9366-367726931387}"
EndProject
Global
	GlobalSection(SolutionConfigurationPlatforms) = preSolution
		Debug|Any CPU = Debug|Any CPU
		Release|Any CPU = Release|Any CPU
	EndGlobalSection
	GlobalSection(ProjectConfigurationPlatforms) = postSolution
		{A5F24E14-C85C-44E2-9366-367726931387}.Debug|Any CPU.ActiveCfg = Debug|Any CPU
		{A5F24E14-C85C-44E2-9366-367726931387}.Debug|Any CPU.Build.0 = Debug|Any CPU
		{A5F24E14-C85C-44E2-9366-367726931387}.Release|Any CPU.ActiveCfg = Release|Any CPU
		{A5F24E14-C85C-44E2-9366-367726931387}.Release|Any CPU.Build.0 = Release|Any CPU
	EndGlobalSection
	GlobalSection(SolutionProperties) = preSolution
		HideSolutionNode = FALSE
	EndGlobalSection
	GlobalSection(ExtensibilityGlobals) = postSolution
		SolutionGuid = {44D51E50-8ED6-4CD7-AA54-AC7DE931A369}
	EndGlobalSection
EndGlobal
